
Microsoft Visual Studio Solution File, Format Version 12.00
# Visual Studio Version 17
VisualStudioVersion = 17.0.31903.59
MinimumVisualStudioVersion = 10.0.40219.1
Project("{FAE04EC0-301F-11D3-BF4B-00C04F79EFBC}") = "ManipulaVar", "ManipulaVar\ManipulaVar.csproj", "{C5A7B7CA-2CB2-4BE1-8D80-9E818C5F4824}"
EndProject
Project("{FAE04EC0-301F-11D3-BF4B-00C04F79EFBC}") = "PerguntaValores", "PerguntaValores\PerguntaValores.csproj", "{17A18235-2395-42E6-B243-068F2F26FBE3}"
EndProject
Project("{FAE04EC0-301F-11D3-BF4B-00C04F79EFBC}") = "Specials", "Specials\Specials.csproj", "{2AC2FCAF-5C75-41B4-BE8B-9664168E9836}"
EndProject
Global
	GlobalSection(SolutionConfigurationPlatforms) = preSolution
		Debug|Any CPU = Debug|Any CPU
		Release|Any CPU = Release|Any CPU
	EndGlobalSection
	GlobalSection(SolutionProperties) = preSolution
		HideSolutionNode = FALSE
	EndGlobalSection
	GlobalSection(ProjectConfigurationPlatforms) = postSolution
		{C5A7B7CA-2CB2-4BE1-8D80-9E818C5F4824}.Debug|Any CPU.ActiveCfg = Debug|Any CPU
		{C5A7B7CA-2CB2-4BE1-8D80-9E818C5F4824}.Debug|Any CPU.Build.0 = Debug|Any CPU
		{C5A7B7CA-2CB2-4BE1-8D80-9E818C5F4824}.Release|Any CPU.ActiveCfg = Release|Any CPU
		{C5A7B7CA-2CB2-4BE1-8D80-9E818C5F4824}.Release|Any CPU.Build.0 = Release|Any CPU
		{17A18235-2395-42E6-B243-068F2F26FBE3}.Debug|Any CPU.ActiveCfg = Debug|Any CPU
		{17A18235-2395-42E6-B243-068F2F26FBE3}.Debug|Any CPU.Build.0 = Debug|Any CPU
		{17A18235-2395-42E6-B243-068F2F26FBE3}.Release|Any CPU.ActiveCfg = Release|Any CPU
		{17A18235-2395-42E6-B243-068F2F26FBE3}.Release|Any CPU.Build.0 = Release|Any CPU
		{2AC2FCAF-5C75-41B4-BE8B-9664168E9836}.Debug|Any CPU.ActiveCfg = Debug|Any CPU
		{2AC2FCAF-5C75-41B4-BE8B-9664168E9836}.Debug|Any CPU.Build.0 = Debug|Any CPU
		{2AC2FCAF-5C75-41B4-BE8B-9664168E9836}.Release|Any CPU.ActiveCfg = Release|Any CPU
		{2AC2FCAF-5C75-41B4-BE8B-9664168E9836}.Release|Any CPU.Build.0 = Release|Any CPU
	EndGlobalSection
EndGlobal
